
Microsoft Visual Studio Solution File, Format Version 12.00
# Visual Studio Version 17
VisualStudioVersion = 17.4.33213.308
MinimumVisualStudioVersion = 10.0.40219.1
Project("{FAE04EC0-301F-11D3-BF4B-00C04F79EFBC}") = "taskmanager", "taskmanager\taskmanager.csproj", "{413B693E-E2E3-470F-8BF0-4F3893E604E2}"
EndProject
Global
	GlobalSection(SolutionConfigurationPlatforms) = preSolution
		Debug|Any CPU = Debug|Any CPU
		Release|Any CPU = Release|Any CPU
	EndGlobalSection
	GlobalSection(ProjectConfigurationPlatforms) = postSolution
		{413B693E-E2E3-470F-8BF0-4F3893E604E2}.Debug|Any CPU.ActiveCfg = Debug|Any CPU
		{413B693E-E2E3-470F-8BF0-4F3893E604E2}.Debug|Any CPU.Build.0 = Debug|Any CPU
		{413B693E-E2E3-470F-8BF0-4F3893E604E2}.Release|Any CPU.ActiveCfg = Release|Any CPU
		{413B693E-E2E3-470F-8BF0-4F3893E604E2}.Release|Any CPU.Build.0 = Release|Any CPU
	EndGlobalSection
	GlobalSection(SolutionProperties) = preSolution
		HideSolutionNode = FALSE
	EndGlobalSection
	GlobalSection(ExtensibilityGlobals) = postSolution
		SolutionGuid = {54814CF1-A8C3-46AE-BDDD-6F5E354A4D5D}
	EndGlobalSection
EndGlobal
